# This file is automatically @generated by Cargo.
# It is not intended for manual editing.
version = 4

[[package]]
name = "ahash"
version = "0.8.12"
source = "registry+https://github.com/rust-lang/crates.io-index"
checksum = "5a15f179cd60c4584b8a8c596927aadc462e27f2ca70c04e0071964a73ba7a75"
dependencies = [
 "cfg-if",
 "once_cell",
 "version_check",
 "zerocopy",
]

[[package]]
name = "allocator-api2"
version = "0.2.21"
source = "registry+https://github.com/rust-lang/crates.io-index"
checksum = "683d7910e743518b0e34f1186f92494becacb047c7b6bf616c96772180fef923"

[[package]]
name = "atomic_float"
version = "1.1.0"
source = "registry+https://github.com/rust-lang/crates.io-index"
checksum = "628d228f918ac3b82fe590352cc719d30664a0c13ca3a60266fe02c7132d480a"

[[package]]
name = "autocfg"
version = "1.5.0"
source = "registry+https://github.com/rust-lang/crates.io-index"
checksum = "c08606f8c3cbf4ce6ec8e28fb0014a2c086708fe954eaa885384a6165172e7e8"

[[package]]
name = "bincode"
version = "2.0.1"
source = "registry+https://github.com/rust-lang/crates.io-index"
checksum = "36eaf5d7b090263e8150820482d5d93cd964a81e4019913c972f4edcc6edb740"
dependencies = [
 "serde",
 "unty",
]

[[package]]
name = "bitflags"
version = "1.3.2"
source = "registry+https://github.com/rust-lang/crates.io-index"
checksum = "bef38d45163c2f1dde094a7dfd33ccf595c92905c8f8f4fdc18d06fb1037718a"

[[package]]
name = "bumpalo"
version = "3.19.0"
source = "registry+https://github.com/rust-lang/crates.io-index"
checksum = "46c5e41b57b8bba42a04676d81cb89e9ee8e859a1a66f80a5a72e1cb76b34d43"

[[package]]
name = "burn"
version = "0.17.1"
source = "registry+https://github.com/rust-lang/crates.io-index"
checksum = "ec639306f45bd663957465e840cfb07bcd2ae18f7c045dd9aba8cb7a69c0654a"
dependencies = [
 "burn-core",
 "burn-ndarray",
]

[[package]]
name = "burn-common"
version = "0.17.1"
source = "registry+https://github.com/rust-lang/crates.io-index"
checksum = "1c3fae76798ea4dd14e6290b6753eb6235ac28c6ceaf6da35ff8396775d5494d"
dependencies = [
 "cubecl-common",
 "serde",
]

[[package]]
name = "burn-core"
version = "0.17.1"
source = "registry+https://github.com/rust-lang/crates.io-index"
checksum = "2afa81c868c1a9b3fad25c31176945d0cc5181ba7b77c0456bc05cf57fca975c"
dependencies = [
 "ahash",
 "bincode",
 "burn-common",
 "burn-derive",
 "burn-tensor",
 "data-encoding",
 "derive-new 0.7.0",
 "half",
 "hashbrown",
 "num-traits",
 "portable-atomic-util",
 "rand",
 "serde",
 "serde_json",
 "spin 0.10.0",
 "uuid 1.17.0",
]

[[package]]
name = "burn-derive"
version = "0.17.1"
source = "registry+https://github.com/rust-lang/crates.io-index"
checksum = "12e9f07ccc658ef072bce2e996f0c38c80ee4c241598b6557afe1877dd87ae98"
dependencies = [
 "derive-new 0.7.0",
 "proc-macro2 1.0.95",
 "quote 1.0.40",
 "syn 2.0.104",
]

[[package]]
name = "burn-ir"
version = "0.17.1"
source = "registry+https://github.com/rust-lang/crates.io-index"
checksum = "d63629f2c8b82ee52dbb9c18becded5117c2faf57365dc271a55c16d139cd91a"
dependencies = [
 "burn-tensor",
 "hashbrown",
 "portable-atomic-util",
 "serde",
]

[[package]]
name = "burn-ndarray"
version = "0.17.1"
source = "registry+https://github.com/rust-lang/crates.io-index"
checksum = "7e883846578e6915e1dbaeeb5bce32cc04cff03e7cb79c5836e1e888bbce974f"
dependencies = [
 "atomic_float",
 "burn-common",
 "burn-ir",
 "burn-tensor",
 "derive-new 0.7.0",
 "libm",
 "matrixmultiply",
 "ndarray",
 "num-traits",
 "paste",
 "portable-atomic-util",
 "rand",
 "spin 0.10.0",
]

[[package]]
name = "burn-tensor"
version = "0.17.1"
source = "registry+https://github.com/rust-lang/crates.io-index"
checksum = "2a70d1562c0d00083939e34daad61dabebb0f8bc8c250d1ef2f5efc31eb93aaf"
dependencies = [
 "burn-common",
 "bytemuck",
 "derive-new 0.7.0",
 "half",
 "hashbrown",
 "num-traits",
 "rand",
 "rand_distr",
 "serde",
 "serde_bytes",
]

[[package]]
name = "bytemuck"
version = "1.23.1"
source = "registry+https://github.com/rust-lang/crates.io-index"
checksum = "5c76a5792e44e4abe34d3abf15636779261d45a7450612059293d1d2cfc63422"
dependencies = [
 "bytemuck_derive",
]

[[package]]
name = "bytemuck_derive"
version = "1.10.0"
source = "registry+https://github.com/rust-lang/crates.io-index"
checksum = "441473f2b4b0459a68628c744bc61d23e730fb00128b841d30fa4bb3972257e4"
dependencies = [
 "proc-macro2 1.0.95",
 "quote 1.0.40",
 "syn 2.0.104",
]

[[package]]
name = "cfg-if"
version = "1.0.1"
source = "registry+https://github.com/rust-lang/crates.io-index"
checksum = "9555578bc9e57714c812a1f84e4fc5b4d21fcb063490c624de019f7464c91268"

[[package]]
name = "common"
version = "0.4.0"
dependencies = [
 "burn",
 "optee-utee",
 "optee-utee-sys",
 "proto",
]

[[package]]
name = "crunchy"
version = "0.2.4"
source = "registry+https://github.com/rust-lang/crates.io-index"
checksum = "460fbee9c2c2f33933d720630a6a0bac33ba7053db5344fac858d4b8952d77d5"

[[package]]
name = "cubecl-common"
version = "0.5.0"
source = "registry+https://github.com/rust-lang/crates.io-index"
checksum = "79251bfc7f067ac9038232fe38a317adc2f31cb2fc3800e69fd409ccac7abc1f"
dependencies = [
 "bytemuck",
 "derive-new 0.6.0",
 "derive_more",
 "embassy-futures",
 "half",
 "log",
 "num-traits",
 "portable-atomic",
 "rand",
 "serde",
 "spin 0.9.8",
]

[[package]]
name = "data-encoding"
version = "2.9.0"
source = "registry+https://github.com/rust-lang/crates.io-index"
checksum = "2a2330da5de22e8a3cb63252ce2abb30116bf5265e89c0e01bc17015ce30a476"

[[package]]
name = "derive-new"
version = "0.6.0"
source = "registry+https://github.com/rust-lang/crates.io-index"
checksum = "d150dea618e920167e5973d70ae6ece4385b7164e0d799fe7c122dd0a5d912ad"
dependencies = [
 "proc-macro2 1.0.95",
 "quote 1.0.40",
 "syn 2.0.104",
]

[[package]]
name = "derive-new"
version = "0.7.0"
source = "registry+https://github.com/rust-lang/crates.io-index"
checksum = "2cdc8d50f426189eef89dac62fabfa0abb27d5cc008f25bf4156a0203325becc"
dependencies = [
 "proc-macro2 1.0.95",
 "quote 1.0.40",
 "syn 2.0.104",
]

[[package]]
name = "derive_more"
version = "1.0.0"
source = "registry+https://github.com/rust-lang/crates.io-index"
checksum = "4a9b99b9cbbe49445b21764dc0625032a89b145a2642e67603e1c936f5458d05"
dependencies = [
 "derive_more-impl",
]

[[package]]
name = "derive_more-impl"
version = "1.0.0"
source = "registry+https://github.com/rust-lang/crates.io-index"
checksum = "cb7330aeadfbe296029522e6c40f315320aba36fc43a5b3632f3795348f3bd22"
dependencies = [
 "proc-macro2 1.0.95",
 "quote 1.0.40",
 "syn 2.0.104",
 "unicode-xid 0.2.6",
]

[[package]]
name = "embassy-futures"
version = "0.1.1"
source = "registry+https://github.com/rust-lang/crates.io-index"
checksum = "1f878075b9794c1e4ac788c95b728f26aa6366d32eeb10c7051389f898f7d067"

[[package]]
name = "equivalent"
version = "1.0.2"
source = "registry+https://github.com/rust-lang/crates.io-index"
checksum = "877a4ace8713b0bcf2a4e7eec82529c029f1d0619886d18145fea96c3ffe5c0f"

[[package]]
name = "foldhash"
version = "0.1.5"
source = "registry+https://github.com/rust-lang/crates.io-index"
checksum = "d9c4f5dac5e15c24eb999c26181a6ca40b39fe946cbe4c263c7209467bc83af2"

[[package]]
name = "half"
version = "2.6.0"
source = "registry+https://github.com/rust-lang/crates.io-index"
checksum = "459196ed295495a68f7d7fe1d84f6c4b7ff0e21fe3017b2f283c6fac3ad803c9"
dependencies = [
 "bytemuck",
 "cfg-if",
 "crunchy",
 "num-traits",
 "serde",
]

[[package]]
name = "hashbrown"
version = "0.15.4"
source = "registry+https://github.com/rust-lang/crates.io-index"
checksum = "5971ac85611da7067dbfcabef3c70ebb5606018acd9e2a3903a0da507521e0d5"
dependencies = [
 "allocator-api2",
 "equivalent",
 "foldhash",
 "serde",
]

[[package]]
name = "heck"
version = "0.5.0"
source = "registry+https://github.com/rust-lang/crates.io-index"
checksum = "2304e00983f87ffb38b55b444b5e3b60a884b5d30c0fca7d82fe33449bbe55ea"

[[package]]
name = "hex"
version = "0.4.3"
source = "registry+https://github.com/rust-lang/crates.io-index"
checksum = "7f24254aa9a54b5c858eaee2f5bccdb46aaf0e486a595ed5fd8f86ba55232a70"

[[package]]
name = "inference"
version = "0.4.0"
dependencies = [
 "burn",
 "bytemuck",
 "common",
 "optee-utee",
 "optee-utee-build",
 "optee-utee-sys",
 "proto",
 "serde_json",
 "spin 0.9.8",
]

[[package]]
name = "itoa"
version = "1.0.15"
source = "registry+https://github.com/rust-lang/crates.io-index"
checksum = "4a5f13b858c8d314ee3e8f639011f7ccefe71f97f96e50151fb991f267928e2c"

[[package]]
name = "js-sys"
version = "0.3.78"
source = "registry+https://github.com/rust-lang/crates.io-index"
checksum = "0c0b063578492ceec17683ef2f8c5e89121fbd0b172cbc280635ab7567db2738"
dependencies = [
 "once_cell",
 "wasm-bindgen",
]

[[package]]
name = "libc"
version = "0.2.174"
source = "registry+https://github.com/rust-lang/crates.io-index"
checksum = "1171693293099992e19cddea4e8b849964e9846f4acee11b3948bcc337be8776"

[[package]]
name = "libc_alloc"
version = "1.0.7"
source = "registry+https://github.com/rust-lang/crates.io-index"
checksum = "7581282928bc99698341d1de7590964c28db747c164eaac9409432a3eaed098a"

[[package]]
name = "libm"
version = "0.2.15"
source = "registry+https://github.com/rust-lang/crates.io-index"
checksum = "f9fbbcab51052fe104eb5e5d351cf728d30a5be1fe14d9be8a3b097481fb97de"

[[package]]
name = "litemap"
version = "0.7.4"
source = "registry+https://github.com/rust-lang/crates.io-index"
checksum = "4ee93343901ab17bd981295f2cf0026d4ad018c7c31ba84549a4ddbb47a45104"

[[package]]
name = "lock_api"
version = "0.4.13"
source = "registry+https://github.com/rust-lang/crates.io-index"
checksum = "96936507f153605bddfcda068dd804796c84324ed2510809e5b2a624c81da765"
dependencies = [
 "autocfg",
 "scopeguard",
]

[[package]]
name = "log"
version = "0.4.27"
source = "registry+https://github.com/rust-lang/crates.io-index"
checksum = "13dc2df351e3202783a1fe0d44375f7295ffb4049267b0f3018346dc122a1d94"

[[package]]
name = "matrixmultiply"
version = "0.3.10"
source = "registry+https://github.com/rust-lang/crates.io-index"
checksum = "a06de3016e9fae57a36fd14dba131fccf49f74b40b7fbdb472f96e361ec71a08"
dependencies = [
 "autocfg",
 "rawpointer",
]

[[package]]
name = "memchr"
version = "2.7.5"
source = "registry+https://github.com/rust-lang/crates.io-index"
checksum = "32a282da65faaf38286cf3be983213fcf1d2e2a58700e808f83f4ea9a4804bc0"

[[package]]
name = "ndarray"
version = "0.16.1"
source = "registry+https://github.com/rust-lang/crates.io-index"
checksum = "882ed72dce9365842bf196bdeedf5055305f11fc8c03dee7bb0194a6cad34841"
dependencies = [
 "matrixmultiply",
 "num-complex",
 "num-integer",
 "num-traits",
 "portable-atomic",
 "portable-atomic-util",
 "rawpointer",
]

[[package]]
name = "num-complex"
version = "0.4.6"
source = "registry+https://github.com/rust-lang/crates.io-index"
checksum = "73f88a1307638156682bada9d7604135552957b7818057dcef22705b4d509495"
dependencies = [
 "num-traits",
]

[[package]]
name = "num-integer"
version = "0.1.46"
source = "registry+https://github.com/rust-lang/crates.io-index"
checksum = "7969661fd2958a5cb096e56c8e1ad0444ac2bbcd0061bd28660485a44879858f"
dependencies = [
 "num-traits",
]

[[package]]
name = "num-traits"
version = "0.2.19"
source = "registry+https://github.com/rust-lang/crates.io-index"
checksum = "071dfc062690e90b734c0b2273ce72ad0ffa95f0c74596bc250dcfd960262841"
dependencies = [
 "autocfg",
 "libm",
]

[[package]]
name = "num_enum"
version = "0.7.4"
source = "registry+https://github.com/rust-lang/crates.io-index"
checksum = "a973b4e44ce6cad84ce69d797acf9a044532e4184c4f267913d1b546a0727b7a"
dependencies = [
 "num_enum_derive",
 "rustversion",
]

[[package]]
name = "num_enum_derive"
version = "0.7.4"
source = "registry+https://github.com/rust-lang/crates.io-index"
checksum = "77e878c846a8abae00dd069496dbe8751b16ac1c3d6bd2a7283a938e8228f90d"
dependencies = [
 "proc-macro2 1.0.95",
 "quote 1.0.40",
 "syn 2.0.104",
]

[[package]]
name = "once_cell"
version = "1.21.3"
source = "registry+https://github.com/rust-lang/crates.io-index"
checksum = "42f5e15c9953c5e4ccceeb2e7382a716482c34515315f7b03532b8b4e8393d2d"

[[package]]
name = "optee-utee"
version = "0.5.0"
dependencies = [
 "bitflags",
 "hex",
 "libc_alloc",
 "optee-utee-macros",
 "optee-utee-sys",
 "strum_macros",
 "uuid 0.8.2",
]

[[package]]
name = "optee-utee-build"
version = "0.5.0"
dependencies = [
 "litemap",
 "prettyplease",
 "proc-macro2 1.0.95",
 "quote 1.0.40",
 "syn 2.0.104",
 "uuid 1.17.0",
 "zerofrom",
]

[[package]]
name = "optee-utee-macros"
version = "0.5.0"
dependencies = [
 "litemap",
 "quote 0.6.13",
 "syn 0.15.44",
 "zerofrom",
]

[[package]]
name = "optee-utee-sys"
version = "0.5.0"
dependencies = [
 "libc",
]

[[package]]
name = "paste"
version = "1.0.15"
source = "registry+https://github.com/rust-lang/crates.io-index"
checksum = "57c0d7b74b563b49d38dae00a0c37d4d6de9b432382b2892f0574ddcae73fd0a"

[[package]]
name = "portable-atomic"
version = "1.11.1"
source = "registry+https://github.com/rust-lang/crates.io-index"
checksum = "f84267b20a16ea918e43c6a88433c2d54fa145c92a811b5b047ccbe153674483"
dependencies = [
 "serde",
]

[[package]]
name = "portable-atomic-util"
version = "0.2.4"
source = "registry+https://github.com/rust-lang/crates.io-index"
checksum = "d8a2f0d8d040d7848a709caf78912debcc3f33ee4b3cac47d73d1e1069e83507"
dependencies = [
 "portable-atomic",
]

[[package]]
name = "ppv-lite86"
version = "0.2.21"
source = "registry+https://github.com/rust-lang/crates.io-index"
checksum = "85eae3c4ed2f50dcfe72643da4befc30deadb458a9b590d720cde2f2b1e97da9"
dependencies = [
 "zerocopy",
]

[[package]]
name = "prettyplease"
version = "0.2.36"
source = "registry+https://github.com/rust-lang/crates.io-index"
checksum = "ff24dfcda44452b9816fff4cd4227e1bb73ff5a2f1bc1105aa92fb8565ce44d2"
dependencies = [
 "proc-macro2 1.0.95",
 "syn 2.0.104",
]

[[package]]
name = "proc-macro2"
version = "0.4.30"
source = "registry+https://github.com/rust-lang/crates.io-index"
checksum = "cf3d2011ab5c909338f7887f4fc896d35932e29146c12c8d01da6b22a80ba759"
dependencies = [
 "unicode-xid 0.1.0",
]

[[package]]
name = "proc-macro2"
version = "1.0.95"
source = "registry+https://github.com/rust-lang/crates.io-index"
checksum = "02b3e5e68a3a1a02aad3ec490a98007cbc13c37cbe84a3cd7b8e406d76e7f778"
dependencies = [
 "unicode-ident",
]

[[package]]
name = "proto"
version = "0.4.0"
dependencies = [
 "num_enum",
 "serde",
]

[[package]]
name = "quote"
version = "0.6.13"
source = "registry+https://github.com/rust-lang/crates.io-index"
checksum = "6ce23b6b870e8f94f81fb0a363d65d86675884b34a09043c81e5562f11c1f8e1"
dependencies = [
 "proc-macro2 0.4.30",
]

[[package]]
name = "quote"
version = "1.0.40"
source = "registry+https://github.com/rust-lang/crates.io-index"
checksum = "1885c039570dc00dcb4ff087a89e185fd56bae234ddc7f056a945bf36467248d"
dependencies = [
 "proc-macro2 1.0.95",
]

[[package]]
name = "rand"
version = "0.9.2"
source = "registry+https://github.com/rust-lang/crates.io-index"
checksum = "6db2770f06117d490610c7488547d543617b21bfa07796d7a12f6f1bd53850d1"
dependencies = [
 "rand_chacha",
 "rand_core",
]

[[package]]
name = "rand_chacha"
version = "0.9.0"
source = "registry+https://github.com/rust-lang/crates.io-index"
checksum = "d3022b5f1df60f26e1ffddd6c66e8aa15de382ae63b3a0c1bfc0e4d3e3f325cb"
dependencies = [
 "ppv-lite86",
 "rand_core",
]

[[package]]
name = "rand_core"
version = "0.9.3"
source = "registry+https://github.com/rust-lang/crates.io-index"
checksum = "99d9a13982dcf210057a8a78572b2217b667c3beacbf3a0d8b454f6f82837d38"

[[package]]
name = "rand_distr"
version = "0.5.1"
source = "registry+https://github.com/rust-lang/crates.io-index"
checksum = "6a8615d50dcf34fa31f7ab52692afec947c4dd0ab803cc87cb3b0b4570ff7463"
dependencies = [
 "num-traits",
 "rand",
]

[[package]]
name = "rawpointer"
version = "0.2.1"
source = "registry+https://github.com/rust-lang/crates.io-index"
checksum = "60a357793950651c4ed0f3f52338f53b2f809f32d83a07f72909fa13e4c6c1e3"

[[package]]
name = "rustversion"
version = "1.0.21"
source = "registry+https://github.com/rust-lang/crates.io-index"
checksum = "8a0d197bd2c9dc6e53b84da9556a69ba4cdfab8619eb41a8bd1cc2027a0f6b1d"

[[package]]
name = "ryu"
version = "1.0.20"
source = "registry+https://github.com/rust-lang/crates.io-index"
checksum = "28d3b2b1366ec20994f1fd18c3c594f05c5dd4bc44d8bb0c1c632c8d6829481f"

[[package]]
name = "scopeguard"
version = "1.2.0"
source = "registry+https://github.com/rust-lang/crates.io-index"
checksum = "94143f37725109f92c262ed2cf5e59bce7498c01bcc1502d7b9afe439a4e9f49"

[[package]]
name = "serde"
version = "1.0.219"
source = "registry+https://github.com/rust-lang/crates.io-index"
checksum = "5f0e2c6ed6606019b4e29e69dbaba95b11854410e5347d525002456dbbb786b6"
dependencies = [
 "serde_derive",
]

[[package]]
name = "serde_bytes"
version = "0.11.17"
source = "registry+https://github.com/rust-lang/crates.io-index"
checksum = "8437fd221bde2d4ca316d61b90e337e9e702b3820b87d63caa9ba6c02bd06d96"
dependencies = [
 "serde",
]

[[package]]
name = "serde_derive"
version = "1.0.219"
source = "registry+https://github.com/rust-lang/crates.io-index"
checksum = "5b0276cf7f2c73365f7157c8123c21cd9a50fbbd844757af28ca1f5925fc2a00"
dependencies = [
 "proc-macro2 1.0.95",
 "quote 1.0.40",
 "syn 2.0.104",
]

[[package]]
name = "serde_json"
version = "1.0.141"
source = "registry+https://github.com/rust-lang/crates.io-index"
checksum = "30b9eff21ebe718216c6ec64e1d9ac57087aad11efc64e32002bce4a0d4c03d3"
dependencies = [
 "itoa",
 "memchr",
 "ryu",
 "serde",
]

[[package]]
name = "spin"
version = "0.9.8"
source = "registry+https://github.com/rust-lang/crates.io-index"
checksum = "6980e8d7511241f8acf4aebddbb1ff938df5eebe98691418c4468d0b72a96a67"
dependencies = [
 "lock_api",
 "portable-atomic",
]

[[package]]
name = "spin"
version = "0.10.0"
source = "registry+https://github.com/rust-lang/crates.io-index"
checksum = "d5fe4ccb98d9c292d56fec89a5e07da7fc4cf0dc11e156b41793132775d3e591"
dependencies = [
 "lock_api",
 "portable-atomic",
]

[[package]]
name = "strum_macros"
version = "0.26.4"
source = "registry+https://github.com/rust-lang/crates.io-index"
checksum = "4c6bee85a5a24955dc440386795aa378cd9cf82acd5f764469152d2270e581be"
dependencies = [
 "heck",
 "proc-macro2 1.0.95",
 "quote 1.0.40",
 "rustversion",
 "syn 2.0.104",
]

[[package]]
name = "syn"
version = "0.15.44"
source = "registry+https://github.com/rust-lang/crates.io-index"
checksum = "9ca4b3b69a77cbe1ffc9e198781b7acb0c7365a883670e8f1c1bc66fba79a5c5"
dependencies = [
 "proc-macro2 0.4.30",
 "quote 0.6.13",
 "unicode-xid 0.1.0",
]

[[package]]
name = "syn"
version = "2.0.104"
source = "registry+https://github.com/rust-lang/crates.io-index"
checksum = "17b6f705963418cdb9927482fa304bc562ece2fdd4f616084c50b7023b435a40"
dependencies = [
 "proc-macro2 1.0.95",
 "quote 1.0.40",
 "unicode-ident",
]

[[package]]
name = "unicode-ident"
version = "1.0.18"
source = "registry+https://github.com/rust-lang/crates.io-index"
checksum = "5a5f39404a5da50712a4c1eecf25e90dd62b613502b7e925fd4e4d19b5c96512"

[[package]]
name = "unicode-xid"
version = "0.1.0"
source = "registry+https://github.com/rust-lang/crates.io-index"
checksum = "fc72304796d0818e357ead4e000d19c9c174ab23dc11093ac919054d20a6a7fc"

[[package]]
name = "unicode-xid"
version = "0.2.6"
source = "registry+https://github.com/rust-lang/crates.io-index"
checksum = "ebc1c04c71510c7f702b52b7c350734c9ff1295c464a03335b00bb84fc54f853"

[[package]]
name = "unty"
version = "0.0.4"
source = "registry+https://github.com/rust-lang/crates.io-index"
checksum = "6d49784317cd0d1ee7ec5c716dd598ec5b4483ea832a2dced265471cc0f690ae"

[[package]]
name = "uuid"
version = "0.8.2"
source = "registry+https://github.com/rust-lang/crates.io-index"
checksum = "bc5cf98d8186244414c848017f0e2676b3fcb46807f6668a97dfe67359a3c4b7"

[[package]]
name = "uuid"
version = "1.17.0"
source = "registry+https://github.com/rust-lang/crates.io-index"
checksum = "3cf4199d1e5d15ddd86a694e4d0dffa9c323ce759fea589f00fef9d81cc1931d"
dependencies = [
 "js-sys",
 "wasm-bindgen",
]

[[package]]
name = "version_check"
version = "0.9.5"
source = "registry+https://github.com/rust-lang/crates.io-index"
checksum = "0b928f33d975fc6ad9f86c8f283853ad26bdd5b10b7f1542aa2fa15e2289105a"

[[package]]
name = "wasm-bindgen"
version = "0.2.101"
source = "registry+https://github.com/rust-lang/crates.io-index"
checksum = "7e14915cadd45b529bb8d1f343c4ed0ac1de926144b746e2710f9cd05df6603b"
dependencies = [
 "cfg-if",
 "once_cell",
 "rustversion",
 "wasm-bindgen-macro",
 "wasm-bindgen-shared",
]

[[package]]
name = "wasm-bindgen-backend"
version = "0.2.101"
source = "registry+https://github.com/rust-lang/crates.io-index"
checksum = "e28d1ba982ca7923fd01448d5c30c6864d0a14109560296a162f80f305fb93bb"
dependencies = [
 "bumpalo",
 "log",
 "proc-macro2 1.0.95",
 "quote 1.0.40",
 "syn 2.0.104",
 "wasm-bindgen-shared",
]

[[package]]
name = "wasm-bindgen-macro"
version = "0.2.101"
source = "registry+https://github.com/rust-lang/crates.io-index"
checksum = "7c3d463ae3eff775b0c45df9da45d68837702ac35af998361e2c84e7c5ec1b0d"
dependencies = [
 "quote 1.0.40",
 "wasm-bindgen-macro-support",
]

[[package]]
name = "wasm-bindgen-macro-support"
version = "0.2.101"
source = "registry+https://github.com/rust-lang/crates.io-index"
checksum = "7bb4ce89b08211f923caf51d527662b75bdc9c9c7aab40f86dcb9fb85ac552aa"
dependencies = [
 "proc-macro2 1.0.95",
 "quote 1.0.40",
 "syn 2.0.104",
 "wasm-bindgen-backend",
 "wasm-bindgen-shared",
]

[[package]]
name = "wasm-bindgen-shared"
version = "0.2.101"
source = "registry+https://github.com/rust-lang/crates.io-index"
checksum = "f143854a3b13752c6950862c906306adb27c7e839f7414cec8fea35beab624c1"
dependencies = [
 "unicode-ident",
]

[[package]]
name = "zerocopy"
version = "0.8.26"
source = "registry+https://github.com/rust-lang/crates.io-index"
checksum = "1039dd0d3c310cf05de012d8a39ff557cb0d23087fd44cad61df08fc31907a2f"
dependencies = [
 "zerocopy-derive",
]

[[package]]
name = "zerocopy-derive"
version = "0.8.26"
source = "registry+https://github.com/rust-lang/crates.io-index"
checksum = "9ecf5b4cc5364572d7f4c329661bcc82724222973f2cab6f050a4e5c22f75181"
dependencies = [
 "proc-macro2 1.0.95",
 "quote 1.0.40",
 "syn 2.0.104",
]

[[package]]
name = "zerofrom"
version = "0.1.5"
source = "registry+https://github.com/rust-lang/crates.io-index"
checksum = "cff3ee08c995dee1859d998dea82f7374f2826091dd9cd47def953cae446cd2e"
